
Microsoft Visual Studio Solution File, Format Version 12.00
# Visual Studio 15
VisualStudioVersion = 15.0.27130.2036
MinimumVisualStudioVersion = 10.0.40219.1
Project("{FAE04EC0-301F-11D3-BF4B-00C04F79EFBC}") = "Log4NetAppenders", "Log4NetAppenders\Log4NetAppenders.csproj", "{7EFA7C68-107D-493E-B9AD-E4C2FD9F59A7}"
EndProject
Project("{FAE04EC0-301F-11D3-BF4B-00C04F79EFBC}") = "Log4NetAppenders.UnitTest", "Log4NetAppenders.UnitTest\Log4NetAppenders.UnitTest.csproj", "{C084E4B5-ABE3-4C09-9A29-A7CE82F090CF}"
EndProject
Global
	GlobalSection(SolutionConfigurationPlatforms) = preSolution
		Debug|Any CPU = Debug|Any CPU
		Release|Any CPU = Release|Any CPU
	EndGlobalSection
	GlobalSection(ProjectConfigurationPlatforms) = postSolution
		{7EFA7C68-107D-493E-B9AD-E4C2FD9F59A7}.Debug|Any CPU.ActiveCfg = Debug|Any CPU
		{7EFA7C68-107D-493E-B9AD-E4C2FD9F59A7}.Debug|Any CPU.Build.0 = Debug|Any CPU
		{7EFA7C68-107D-493E-B9AD-E4C2FD9F59A7}.Release|Any CPU.ActiveCfg = Release|Any CPU
		{7EFA7C68-107D-493E-B9AD-E4C2FD9F59A7}.Release|Any CPU.Build.0 = Release|Any CPU
		{C084E4B5-ABE3-4C09-9A29-A7CE82F090CF}.Debug|Any CPU.ActiveCfg = Debug|Any CPU
		{C084E4B5-ABE3-4C09-9A29-A7CE82F090CF}.Debug|Any CPU.Build.0 = Debug|Any CPU
		{C084E4B5-ABE3-4C09-9A29-A7CE82F090CF}.Release|Any CPU.ActiveCfg = Release|Any CPU
		{C084E4B5-ABE3-4C09-9A29-A7CE82F090CF}.Release|Any CPU.Build.0 = Release|Any CPU
	EndGlobalSection
	GlobalSection(SolutionProperties) = preSolution
		HideSolutionNode = FALSE
	EndGlobalSection
	GlobalSection(ExtensibilityGlobals) = postSolution
		SolutionGuid = {A2B136BA-EE2C-4413-8EAD-DB0203677FEB}
	EndGlobalSection
EndGlobal
